// !$*UTF8*$!
{
	archiveVersion = 1;
	classes = {
	};
	objectVersion = 50;
	objects = {

/* Begin PBXBuildFile section */
		F7EAE571242D42A20090F8A2 /* AppDelegate.swift in Sources */ = {isa = PBXBuildFile; fileRef = F7EAE570242D42A20090F8A2 /* AppDelegate.swift */; };
		F7EAE573242D42A20090F8A2 /* SceneDelegate.swift in Sources */ = {isa = PBXBuildFile; fileRef = F7EAE572242D42A20090F8A2 /* SceneDelegate.swift */; };
		F7EAE575242D42A20090F8A2 /* ViewController.swift in Sources */ = {isa = PBXBuildFile; fileRef = F7EAE574242D42A20090F8A2 /* ViewController.swift */; };
		F7EAE578242D42A20090F8A2 /* Main.storyboard in Resources */ = {isa = PBXBuildFile; fileRef = F7EAE576242D42A20090F8A2 /* Main.storyboard */; };
		F7EAE57A242D42A50090F8A2 /* Assets.xcassets in Resources */ = {isa = PBXBuildFile; fileRef = F7EAE579242D42A50090F8A2 /* Assets.xcassets */; };
		F7EAE57D242D42A50090F8A2 /* LaunchScreen.storyboard in Resources */ = {isa = PBXBuildFile; fileRef = F7EAE57B242D42A50090F8A2 /* LaunchScreen.storyboard */; };
		F7EAE588242D42A50090F8A2 /* BusinessCrimeTests.swift in Sources */ = {isa = PBXBuildFile; fileRef = F7EAE587242D42A50090F8A2 /* BusinessCrimeTests.swift */; };
		F7EAE593242D46AE0090F8A2 /* OppressiveButton.swift in Sources */ = {isa = PBXBuildFile; fileRef = F7EAE592242D46AE0090F8A2 /* OppressiveButton.swift */; };
/* End PBXBuildFile section */

/* Begin PBXContainerItemProxy section */
		F7EAE584242D42A50090F8A2 /* PBXContainerItemProxy */ = {
			isa = PBXContainerItemProxy;
			containerPortal = F7EAE565242D42A20090F8A2 /* Project object */;
			proxyType = 1;
			remoteGlobalIDString = F7EAE56C242D42A20090F8A2;
			remoteInfo = BusinessCrime;
		};
/* End PBXContainerItemProxy section */

/* Begin PBXFileReference section */
		F7EAE56D242D42A20090F8A2 /* BusinessCrime.app */ = {isa = PBXFileReference; explicitFileType = wrapper.application; includeInIndex = 0; path = BusinessCrime.app; sourceTree = BUILT_PRODUCTS_DIR; };
		F7EAE570242D42A20090F8A2 /* AppDelegate.swift */ = {isa = PBXFileReference; lastKnownFileType = sourcecode.swift; path = AppDelegate.swift; sourceTree = "<group>"; };
		F7EAE572242D42A20090F8A2 /* SceneDelegate.swift */ = {isa = PBXFileReference; lastKnownFileType = sourcecode.swift; path = SceneDelegate.swift; sourceTree = "<group>"; };
		F7EAE574242D42A20090F8A2 /* ViewController.swift */ = {isa = PBXFileReference; lastKnownFileType = sourcecode.swift; path = ViewController.swift; sourceTree = "<group>"; };
		F7EAE577242D42A20090F8A2 /* Base */ = {isa = PBXFileReference; lastKnownFileType = file.storyboard; name = Base; path = Base.lproj/Main.storyboard; sourceTree = "<group>"; };
		F7EAE579242D42A50090F8A2 /* Assets.xcassets */ = {isa = PBXFileReference; lastKnownFileType = folder.assetcatalog; path = Assets.xcassets; sourceTree = "<group>"; };
		F7EAE57C242D42A50090F8A2 /* Base */ = {isa = PBXFileReference; lastKnownFileType = file.storyboard; name = Base; path = Base.lproj/LaunchScreen.storyboard; sourceTree = "<group>"; };
		F7EAE57E242D42A50090F8A2 /* Info.plist */ = {isa = PBXFileReference; lastKnownFileType = text.plist.xml; path = Info.plist; sourceTree = "<group>"; };
		F7EAE583242D42A50090F8A2 /* BusinessCrimeTests.xctest */ = {isa = PBXFileReference; explicitFileType = wrapper.cfbundle; includeInIndex = 0; path = BusinessCrimeTests.xctest; sourceTree = BUILT_PRODUCTS_DIR; };
		F7EAE587242D42A50090F8A2 /* BusinessCrimeTests.swift */ = {isa = PBXFileReference; lastKnownFileType = sourcecode.swift; path = BusinessCrimeTests.swift; sourceTree = "<group>"; };
		F7EAE589242D42A50090F8A2 /* Info.plist */ = {isa = PBXFileReference; lastKnownFileType = text.plist.xml; path = Info.plist; sourceTree = "<group>"; };
		F7EAE592242D46AE0090F8A2 /* OppressiveButton.swift */ = {isa = PBXFileReference; lastKnownFileType = sourcecode.swift; path = OppressiveButton.swift; sourceTree = "<group>"; };
/* End PBXFileReference section */

/* Begin PBXFrameworksBuildPhase section */
		F7EAE56A242D42A20090F8A2 /* Frameworks */ = {
			isa = PBXFrameworksBuildPhase;
			buildActionMask = 2147483647;
			files = (
			);
			runOnlyForDeploymentPostprocessing = 0;
		};
		F7EAE580242D42A50090F8A2 /* Frameworks */ = {
			isa = PBXFrameworksBuildPhase;
			buildActionMask = 2147483647;
			files = (
			);
			runOnlyForDeploymentPostprocessing = 0;
		};
/* End PBXFrameworksBuildPhase section */

/* Begin PBXGroup section */
		F7EAE564242D42A20090F8A2 = {
			isa = PBXGroup;
			children = (
				F7EAE56F242D42A20090F8A2 /* BusinessCrime */,
				F7EAE586242D42A50090F8A2 /* BusinessCrimeTests */,
				F7EAE56E242D42A20090F8A2 /* Products */,
			);
			sourceTree = "<group>";
		};
		F7EAE56E242D42A20090F8A2 /* Products */ = {
			isa = PBXGroup;
			children = (
				F7EAE56D242D42A20090F8A2 /* BusinessCrime.app */,
				F7EAE583242D42A50090F8A2 /* BusinessCrimeTests.xctest */,
			);
			name = Products;
			sourceTree = "<group>";
		};
		F7EAE56F242D42A20090F8A2 /* BusinessCrime */ = {
			isa = PBXGroup;
			children = (
				F7EAE570242D42A20090F8A2 /* AppDelegate.swift */,
				F7EAE572242D42A20090F8A2 /* SceneDelegate.swift */,
				F7EAE574242D42A20090F8A2 /* ViewController.swift */,
				F7EAE576242D42A20090F8A2 /* Main.storyboard */,
				F7EAE579242D42A50090F8A2 /* Assets.xcassets */,
				F7EAE57B242D42A50090F8A2 /* LaunchScreen.storyboard */,
				F7EAE57E242D42A50090F8A2 /* Info.plist */,
				F7EAE592242D46AE0090F8A2 /* OppressiveButton.swift */,
			);
			path = BusinessCrime;
			sourceTree = "<group>";
		};
		F7EAE586242D42A50090F8A2 /* BusinessCrimeTests */ = {
			isa = PBXGroup;
			children = (
				F7EAE587242D42A50090F8A2 /* BusinessCrimeTests.swift */,
				F7EAE589242D42A50090F8A2 /* Info.plist */,
			);
			path = BusinessCrimeTests;
			sourceTree = "<group>";
		};
/* End PBXGroup section */

/* Begin PBXNativeTarget section */
		F7EAE56C242D42A20090F8A2 /* BusinessCrime */ = {
			isa = PBXNativeTarget;
			buildConfigurationList = F7EAE58C242D42A50090F8A2 /* Build configuration list for PBXNativeTarget "BusinessCrime" */;
			buildPhases = (
				F7EAE569242D42A20090F8A2 /* Sources */,
				F7EAE56A242D42A20090F8A2 /* Frameworks */,
				F7EAE56B242D42A20090F8A2 /* Resources */,
			);
			buildRules = (
			);
			dependencies = (
			);
			name = BusinessCrime;
			productName = BusinessCrime;
			productReference = F7EAE56D242D42A20090F8A2 /* BusinessCrime.app */;
			productType = "com.apple.product-type.application";
		};
		F7EAE582242D42A50090F8A2 /* BusinessCrimeTests */ = {
			isa = PBXNativeTarget;
			buildConfigurationList = F7EAE58F242D42A50090F8A2 /* Build configuration list for PBXNativeTarget "BusinessCrimeTests" */;
			buildPhases = (
				F7EAE57F242D42A50090F8A2 /* Sources */,
				F7EAE580242D42A50090F8A2 /* Frameworks */,
				F7EAE581242D42A50090F8A2 /* Resources */,
			);
			buildRules = (
			);
			dependencies = (
				F7EAE585242D42A50090F8A2 /* PBXTargetDependency */,
			);
			name = BusinessCrimeTests;
			productName = BusinessCrimeTests;
			productReference = F7EAE583242D42A50090F8A2 /* BusinessCrimeTests.xctest */;
			productType = "com.apple.product-type.bundle.unit-test";
		};
/* End PBXNativeTarget section */

/* Begin PBXProject section */
		F7EAE565242D42A20090F8A2 /* Project object */ = {
			isa = PBXProject;
			attributes = {
				LastSwiftUpdateCheck = 1140;
				LastUpgradeCheck = 1140;
				ORGANIZATIONNAME = "General Linear Group";
				TargetAttributes = {
					F7EAE56C242D42A20090F8A2 = {
						CreatedOnToolsVersion = 11.4;
					};
					F7EAE582242D42A50090F8A2 = {
						CreatedOnToolsVersion = 11.4;
						TestTargetID = F7EAE56C242D42A20090F8A2;
					};
				};
			};
			buildConfigurationList = F7EAE568242D42A20090F8A2 /* Build configuration list for PBXProject "BusinessCrime" */;
			compatibilityVersion = "Xcode 9.3";
			developmentRegion = en;
			hasScannedForEncodings = 0;
			knownRegions = (
				en,
				Base,
			);
			mainGroup = F7EAE564242D42A20090F8A2;
			productRefGroup = F7EAE56E242D42A20090F8A2 /* Products */;
			projectDirPath = "";
			projectRoot = "";
			targets = (
				F7EAE56C242D42A20090F8A2 /* BusinessCrime */,
				F7EAE582242D42A50090F8A2 /* BusinessCrimeTests */,
			);
		};
/* End PBXProject section */

/* Begin PBXResourcesBuildPhase section */
		F7EAE56B242D42A20090F8A2 /* Resources */ = {
			isa = PBXResourcesBuildPhase;
			buildActionMask = 2147483647;
			files = (
				F7EAE57D242D42A50090F8A2 /* LaunchScreen.storyboard in Resources */,
				F7EAE57A242D42A50090F8A2 /* Assets.xcassets in Resources */,
				F7EAE578242D42A20090F8A2 /* Main.storyboard in Resources */,
			);
			runOnlyForDeploymentPostprocessing = 0;
		};
		F7EAE581242D42A50090F8A2 /* Resources */ = {
			isa = PBXResourcesBuildPhase;
			buildActionMask = 2147483647;
			files = (
			);
			runOnlyForDeploymentPostprocessing = 0;
		};
/* End PBXResourcesBuildPhase section */

/* Begin PBXSourcesBuildPhase section */
		F7EAE569242D42A20090F8A2 /* Sources */ = {
			isa = PBXSourcesBuildPhase;
			buildActionMask = 2147483647;
			files = (
				F7EAE575242D42A20090F8A2 /* ViewController.swift in Sources */,
				F7EAE593242D46AE0090F8A2 /* OppressiveButton.swift in Sources */,
				F7EAE571242D42A20090F8A2 /* AppDelegate.swift in Sources */,
				F7EAE573242D42A20090F8A2 /* SceneDelegate.swift in Sources */,
			);
			runOnlyForDeploymentPostprocessing = 0;
		};
		F7EAE57F242D42A50090F8A2 /* Sources */ = {
			isa = PBXSourcesBuildPhase;
			buildActionMask = 2147483647;
			files = (
				F7EAE588242D42A50090F8A2 /* BusinessCrimeTests.swift in Sources */,
			);
			runOnlyForDeploymentPostprocessing = 0;
		};
/* End PBXSourcesBuildPhase section */

/* Begin PBXTargetDependency section */
		F7EAE585242D42A50090F8A2 /* PBXTargetDependency */ = {
			isa = PBXTargetDependency;
			target = F7EAE56C242D42A20090F8A2 /* BusinessCrime */;
			targetProxy = F7EAE584242D42A50090F8A2 /* PBXContainerItemProxy */;
		};
/* End PBXTargetDependency section */

/* Begin PBXVariantGroup section */
		F7EAE576242D42A20090F8A2 /* Main.storyboard */ = {
			isa = PBXVariantGroup;
			children = (
				F7EAE577242D42A20090F8A2 /* Base */,
			);
			name = Main.storyboard;
			sourceTree = "<group>";
		};
		F7EAE57B242D42A50090F8A2 /* LaunchScreen.storyboard */ = {
			isa = PBXVariantGroup;
			children = (
				F7EAE57C242D42A50090F8A2 /* Base */,
			);
			name = LaunchScreen.storyboard;
			sourceTree = "<group>";
		};
/* End PBXVariantGroup section */

/* Begin XCBuildConfiguration section */
		F7EAE58A242D42A50090F8A2 /* Debug */ = {
			isa = XCBuildConfiguration;
			buildSettings = {
				ALWAYS_SEARCH_USER_PATHS = NO;
				CLANG_ANALYZER_NONNULL = YES;
				CLANG_ANALYZER_NUMBER_OBJECT_CONVERSION = YES_AGGRESSIVE;
				CLANG_CXX_LANGUAGE_STANDARD = "gnu++14";
				CLANG_CXX_LIBRARY = "libc++";
				CLANG_ENABLE_MODULES = YES;
				CLANG_ENABLE_OBJC_ARC = YES;
				CLANG_ENABLE_OBJC_WEAK = YES;
				CLANG_WARN_BLOCK_CAPTURE_AUTORELEASING = YES;
				CLANG_WARN_BOOL_CONVERSION = YES;
				CLANG_WARN_COMMA = YES;
				CLANG_WARN_CONSTANT_CONVERSION = YES;
				CLANG_WARN_DEPRECATED_OBJC_IMPLEMENTATIONS = YES;
				CLANG_WARN_DIRECT_OBJC_ISA_USAGE = YES_ERROR;
				CLANG_WARN_DOCUMENTATION_COMMENTS = YES;
				CLANG_WARN_EMPTY_BODY = YES;
				CLANG_WARN_ENUM_CONVERSION = YES;
				CLANG_WARN_INFINITE_RECURSION = YES;
				CLANG_WARN_INT_CONVERSION = YES;
				CLANG_WARN_NON_LITERAL_NULL_CONVERSION = YES;
				CLANG_WARN_OBJC_IMPLICIT_RETAIN_SELF = YES;
				CLANG_WARN_OBJC_LITERAL_CONVERSION = YES;
				CLANG_WARN_OBJC_ROOT_CLASS = YES_ERROR;
				CLANG_WARN_RANGE_LOOP_ANALYSIS = YES;
				CLANG_WARN_STRICT_PROTOTYPES = YES;
				CLANG_WARN_SUSPICIOUS_MOVE = YES;
				CLANG_WARN_UNGUARDED_AVAILABILITY = YES_AGGRESSIVE;
				CLANG_WARN_UNREACHABLE_CODE = YES;
				CLANG_WARN__DUPLICATE_METHOD_MATCH = YES;
				COPY_PHASE_STRIP = NO;
				DEBUG_INFORMATION_FORMAT = dwarf;
				ENABLE_STRICT_OBJC_MSGSEND = YES;
				ENABLE_TESTABILITY = YES;
				GCC_C_LANGUAGE_STANDARD = gnu11;
				GCC_DYNAMIC_NO_PIC = NO;
				GCC_NO_COMMON_BLOCKS = YES;
				GCC_OPTIMIZATION_LEVEL = 0;
				GCC_PREPROCESSOR_DEFINITIONS = (
					"DEBUG=1",
					"$(inherited)",
				);
				GCC_WARN_64_TO_32_BIT_CONVERSION = YES;
				GCC_WARN_ABOUT_RETURN_TYPE = YES_ERROR;
				GCC_WARN_UNDECLARED_SELECTOR = YES;
				GCC_WARN_UNINITIALIZED_AUTOS = YES_AGGRESSIVE;
				GCC_WARN_UNUSED_FUNCTION = YES;
				GCC_WARN_UNUSED_VARIABLE = YES;
				IPHONEOS_DEPLOYMENT_TARGET = 13.4;
				MTL_ENABLE_DEBUG_INFO = INCLUDE_SOURCE;
				MTL_FAST_MATH = YES;
				ONLY_ACTIVE_ARCH = YES;
				SDKROOT = iphoneos;
				SWIFT_ACTIVE_COMPILATION_CONDITIONS = DEBUG;
				SWIFT_OPTIMIZATION_LEVEL = "-Onone";
			};
			name = Debug;
		};
		F7EAE58B242D42A50090F8A2 /* Release */ = {
			isa = XCBuildConfiguration;
			buildSettings = {
				ALWAYS_SEARCH_USER_PATHS = NO;
				CLANG_ANALYZER_NONNULL = YES;
				CLANG_ANALYZER_NUMBER_OBJECT_CONVERSION = YES_AGGRESSIVE;
				CLANG_CXX_LANGUAGE_STANDARD = "gnu++14";
				CLANG_CXX_LIBRARY = "libc++";
				CLANG_ENABLE_MODULES = YES;
				CLANG_ENABLE_OBJC_ARC = YES;
				CLANG_ENABLE_OBJC_WEAK = YES;
				CLANG_WARN_BLOCK_CAPTURE_AUTORELEASING = YES;
				CLANG_WARN_BOOL_CONVERSION = YES;
				CLANG_WARN_COMMA = YES;
				CLANG_WARN_CONSTANT_CONVERSION = YES;
				CLANG_WARN_DEPRECATED_OBJC_IMPLEMENTATIONS = YES;
				CLANG_WARN_DIRECT_OBJC_ISA_USAGE = YES_ERROR;
				CLANG_WARN_DOCUMENTATION_COMMENTS = YES;
				CLANG_WARN_EMPTY_BODY = YES;
				CLANG_WARN_ENUM_CONVERSION = YES;
				CLANG_WARN_INFINITE_RECURSION = YES;
				CLANG_WARN_INT_CONVERSION = YES;
				CLANG_WARN_NON_LITERAL_NULL_CONVERSION = YES;
				CLANG_WARN_OBJC_IMPLICIT_RETAIN_SELF = YES;
				CLANG_WARN_OBJC_LITERAL_CONVERSION = YES;
				CLANG_WARN_OBJC_ROOT_CLASS = YES_ERROR;
				CLANG_WARN_RANGE_LOOP_ANALYSIS = YES;
				CLANG_WARN_STRICT_PROTOTYPES = YES;
				CLANG_WARN_SUSPICIOUS_MOVE = YES;
				CLANG_WARN_UNGUARDED_AVAILABILITY = YES_AGGRESSIVE;
				CLANG_WARN_UNREACHABLE_CODE = YES;
				CLANG_WARN__DUPLICATE_METHOD_MATCH = YES;
				COPY_PHASE_STRIP = NO;
				DEBUG_INFORMATION_FORMAT = "dwarf-with-dsym";
				ENABLE_NS_ASSERTIONS = NO;
				ENABLE_STRICT_OBJC_MSGSEND = YES;
				GCC_C_LANGUAGE_STANDARD = gnu11;
				GCC_NO_COMMON_BLOCKS = YES;
				GCC_WARN_64_TO_32_BIT_CONVERSION = YES;
				GCC_WARN_ABOUT_RETURN_TYPE = YES_ERROR;
				GCC_WARN_UNDECLARED_SELECTOR = YES;
				GCC_WARN_UNINITIALIZED_AUTOS = YES_AGGRESSIVE;
				GCC_WARN_UNUSED_FUNCTION = YES;
				GCC_WARN_UNUSED_VARIABLE = YES;
				IPHONEOS_DEPLOYMENT_TARGET = 13.4;
				MTL_ENABLE_DEBUG_INFO = NO;
				MTL_FAST_MATH = YES;
				SDKROOT = iphoneos;
				SWIFT_COMPILATION_MODE = wholemodule;
				SWIFT_OPTIMIZATION_LEVEL = "-O";
				VALIDATE_PRODUCT = YES;
			};
			name = Release;
		};
		F7EAE58D242D42A50090F8A2 /* Debug */ = {
			isa = XCBuildConfiguration;
			buildSettings = {
				ASSETCATALOG_COMPILER_APPICON_NAME = AppIcon;
				CODE_SIGN_STYLE = Automatic;
				DEVELOPMENT_TEAM = XAN2GRZS9J;
				INFOPLIST_FILE = BusinessCrime/Info.plist;
				LD_RUNPATH_SEARCH_PATHS = (
					"$(inherited)",
					"@executable_path/Frameworks",
				);
				PRODUCT_BUNDLE_IDENTIFIER = org.general.linear.group.BusinessCrime;
				PRODUCT_NAME = "$(TARGET_NAME)";
				SWIFT_VERSION = 5.0;
				TARGETED_DEVICE_FAMILY = "1,2";
			};
			name = Debug;
		};
		F7EAE58E242D42A50090F8A2 /* Release */ = {
			isa = XCBuildConfiguration;
			buildSettings = {
				ASSETCATALOG_COMPILER_APPICON_NAME = AppIcon;
				CODE_SIGN_STYLE = Automatic;
				DEVELOPMENT_TEAM = XAN2GRZS9J;
				INFOPLIST_FILE = BusinessCrime/Info.plist;
				LD_RUNPATH_SEARCH_PATHS = (
					"$(inherited)",
					"@executable_path/Frameworks",
				);
				PRODUCT_BUNDLE_IDENTIFIER = org.general.linear.group.BusinessCrime;
				PRODUCT_NAME = "$(TARGET_NAME)";
				SWIFT_VERSION = 5.0;
				TARGETED_DEVICE_FAMILY = "1,2";
			};
			name = Release;
		};
		F7EAE590242D42A50090F8A2 /* Debug */ = {
			isa = XCBuildConfiguration;
			buildSettings = {
				ALWAYS_EMBED_SWIFT_STANDARD_LIBRARIES = YES;
				BUNDLE_LOADER = "$(TEST_HOST)";
				CODE_SIGN_STYLE = Automatic;
				DEVELOPMENT_TEAM = XAN2GRZS9J;
				INFOPLIST_FILE = BusinessCrimeTests/Info.plist;
				IPHONEOS_DEPLOYMENT_TARGET = 13.4;
				LD_RUNPATH_SEARCH_PATHS = (
					"$(inherited)",
					"@executable_path/Frameworks",
					"@loader_path/Frameworks",
				);
				PRODUCT_BUNDLE_IDENTIFIER = org.general.linear.group.BusinessCrimeTests;
				PRODUCT_NAME = "$(TARGET_NAME)";
				SWIFT_VERSION = 5.0;
				TARGETED_DEVICE_FAMILY = "1,2";
				TEST_HOST = "$(BUILT_PRODUCTS_DIR)/BusinessCrime.app/BusinessCrime";
			};
			name = Debug;
		};
		F7EAE591242D42A50090F8A2 /* Release */ = {
			isa = XCBuildConfiguration;
			buildSettings = {
				ALWAYS_EMBED_SWIFT_STANDARD_LIBRARIES = YES;
				BUNDLE_LOADER = "$(TEST_HOST)";
				CODE_SIGN_STYLE = Automatic;
				DEVELOPMENT_TEAM = XAN2GRZS9J;
				INFOPLIST_FILE = BusinessCrimeTests/Info.plist;
				IPHONEOS_DEPLOYMENT_TARGET = 13.4;
				LD_RUNPATH_SEARCH_PATHS = (
					"$(inherited)",
					"@executable_path/Frameworks",
					"@loader_path/Frameworks",
				);
				PRODUCT_BUNDLE_IDENTIFIER = org.general.linear.group.BusinessCrimeTests;
				PRODUCT_NAME = "$(TARGET_NAME)";
				SWIFT_VERSION = 5.0;
				TARGETED_DEVICE_FAMILY = "1,2";
				TEST_HOST = "$(BUILT_PRODUCTS_DIR)/BusinessCrime.app/BusinessCrime";
			};
			name = Release;
		};
/* End XCBuildConfiguration section */

/* Begin XCConfigurationList section */
		F7EAE568242D42A20090F8A2 /* Build configuration list for PBXProject "BusinessCrime" */ = {
			isa = XCConfigurationList;
			buildConfigurations = (
				F7EAE58A242D42A50090F8A2 /* Debug */,
				F7EAE58B242D42A50090F8A2 /* Release */,
			);
			defaultConfigurationIsVisible = 0;
			defaultConfigurationName = Release;
		};
		F7EAE58C242D42A50090F8A2 /* Build configuration list for PBXNativeTarget "BusinessCrime" */ = {
			isa = XCConfigurationList;
			buildConfigurations = (
				F7EAE58D242D42A50090F8A2 /* Debug */,
				F7EAE58E242D42A50090F8A2 /* Release */,
			);
			defaultConfigurationIsVisible = 0;
			defaultConfigurationName = Release;
		};
		F7EAE58F242D42A50090F8A2 /* Build configuration list for PBXNativeTarget "BusinessCrimeTests" */ = {
			isa = XCConfigurationList;
			buildConfigurations = (
				F7EAE590242D42A50090F8A2 /* Debug */,
				F7EAE591242D42A50090F8A2 /* Release */,
			);
			defaultConfigurationIsVisible = 0;
			defaultConfigurationName = Release;
		};
/* End XCConfigurationList section */
	};
	rootObject = F7EAE565242D42A20090F8A2 /* Project object */;
}
